// !$*UTF8*$!
{
	archiveVersion = 1;
	classes = {
	};
	objectVersion = 50;
	objects = {

/* Begin PBXBuildFile section */
		1822CDEB27D36AE400681388 /* AppDelegate.swift in Sources */ = {isa = PBXBuildFile; fileRef = 1822CDEA27D36AE400681388 /* AppDelegate.swift */; };
		1822CDED27D36AE400681388 /* SceneDelegate.swift in Sources */ = {isa = PBXBuildFile; fileRef = 1822CDEC27D36AE400681388 /* SceneDelegate.swift */; };
		1822CDEF27D36AE400681388 /* LoginVC.swift in Sources */ = {isa = PBXBuildFile; fileRef = 1822CDEE27D36AE400681388 /* LoginVC.swift */; };
		1822CDF227D36AE400681388 /* Main.storyboard in Resources */ = {isa = PBXBuildFile; fileRef = 1822CDF027D36AE400681388 /* Main.storyboard */; };
		1822CDF427D36AE500681388 /* Assets.xcassets in Resources */ = {isa = PBXBuildFile; fileRef = 1822CDF327D36AE500681388 /* Assets.xcassets */; };
		1822CDF727D36AE500681388 /* LaunchScreen.storyboard in Resources */ = {isa = PBXBuildFile; fileRef = 1822CDF527D36AE500681388 /* LaunchScreen.storyboard */; };
		1822CE0227D36AE500681388 /* CarrierAssignmentTests.swift in Sources */ = {isa = PBXBuildFile; fileRef = 1822CE0127D36AE500681388 /* CarrierAssignmentTests.swift */; };
		1822CE0D27D36AE500681388 /* CarrierAssignmentUITests.swift in Sources */ = {isa = PBXBuildFile; fileRef = 1822CE0C27D36AE500681388 /* CarrierAssignmentUITests.swift */; };
		1822CE2227D36BC200681388 /* XDeviceModel.swift in Sources */ = {isa = PBXBuildFile; fileRef = 1822CE2127D36BC200681388 /* XDeviceModel.swift */; };
		1822CE2927D36D3D00681388 /* APIErrors.swift in Sources */ = {isa = PBXBuildFile; fileRef = 1822CE2727D36D3D00681388 /* APIErrors.swift */; };
		1822CE2A27D36D3D00681388 /* ApiHandler.swift in Sources */ = {isa = PBXBuildFile; fileRef = 1822CE2827D36D3D00681388 /* ApiHandler.swift */; };
		1822CE3027D37CC200681388 /* AppConstants.swift in Sources */ = {isa = PBXBuildFile; fileRef = 1822CE2F27D37CC200681388 /* AppConstants.swift */; };
		1822CE3527D37DC500681388 /* LoginResponse.json in Resources */ = {isa = PBXBuildFile; fileRef = 1822CE3427D37DC500681388 /* LoginResponse.json */; };
		1822CE3A27D37E1B00681388 /* XDeviceData.json in Resources */ = {isa = PBXBuildFile; fileRef = 1822CE3927D37E1B00681388 /* XDeviceData.json */; };
		1822CE3F27D37FB300681388 /* UserModel.swift in Sources */ = {isa = PBXBuildFile; fileRef = 1822CE3E27D37FB300681388 /* UserModel.swift */; };
		1822CE4727D38AFC00681388 /* DeviceDetailsVC.swift in Sources */ = {isa = PBXBuildFile; fileRef = 1822CE4627D38AFC00681388 /* DeviceDetailsVC.swift */; };
		68334CBA27D4512400B79751 /* DeviceDetailsCell.swift in Sources */ = {isa = PBXBuildFile; fileRef = 68334CB927D4512400B79751 /* DeviceDetailsCell.swift */; };
		68334CE127D4744100B79751 /* Reachability.swift in Sources */ = {isa = PBXBuildFile; fileRef = 68334CE027D4744100B79751 /* Reachability.swift */; };
		68334CE627D47D8200B79751 /* BaseViewController.swift in Sources */ = {isa = PBXBuildFile; fileRef = 68334CE527D47D8200B79751 /* BaseViewController.swift */; };
		68334CEB27D482E600B79751 /* HomeVC.swift in Sources */ = {isa = PBXBuildFile; fileRef = 68334CEA27D482E600B79751 /* HomeVC.swift */; };
/* End PBXBuildFile section */

/* Begin PBXContainerItemProxy section */
		1822CDFE27D36AE500681388 /* PBXContainerItemProxy */ = {
			isa = PBXContainerItemProxy;
			containerPortal = 1822CDDF27D36AE400681388 /* Project object */;
			proxyType = 1;
			remoteGlobalIDString = 1822CDE627D36AE400681388;
			remoteInfo = CarrierAssignment;
		};
		1822CE0927D36AE500681388 /* PBXContainerItemProxy */ = {
			isa = PBXContainerItemProxy;
			containerPortal = 1822CDDF27D36AE400681388 /* Project object */;
			proxyType = 1;
			remoteGlobalIDString = 1822CDE627D36AE400681388;
			remoteInfo = CarrierAssignment;
		};
/* End PBXContainerItemProxy section */

/* Begin PBXFileReference section */
		1822CDE727D36AE400681388 /* CarrierAssignment.app */ = {isa = PBXFileReference; explicitFileType = wrapper.application; includeInIndex = 0; path = CarrierAssignment.app; sourceTree = BUILT_PRODUCTS_DIR; };
		1822CDEA27D36AE400681388 /* AppDelegate.swift */ = {isa = PBXFileReference; lastKnownFileType = sourcecode.swift; path = AppDelegate.swift; sourceTree = "<group>"; };
		1822CDEC27D36AE400681388 /* SceneDelegate.swift */ = {isa = PBXFileReference; lastKnownFileType = sourcecode.swift; path = SceneDelegate.swift; sourceTree = "<group>"; };
		1822CDEE27D36AE400681388 /* LoginVC.swift */ = {isa = PBXFileReference; lastKnownFileType = sourcecode.swift; path = LoginVC.swift; sourceTree = "<group>"; };
		1822CDF127D36AE400681388 /* Base */ = {isa = PBXFileReference; lastKnownFileType = file.storyboard; name = Base; path = Base.lproj/Main.storyboard; sourceTree = "<group>"; };
		1822CDF327D36AE500681388 /* Assets.xcassets */ = {isa = PBXFileReference; lastKnownFileType = folder.assetcatalog; path = Assets.xcassets; sourceTree = "<group>"; };
		1822CDF627D36AE500681388 /* Base */ = {isa = PBXFileReference; lastKnownFileType = file.storyboard; name = Base; path = Base.lproj/LaunchScreen.storyboard; sourceTree = "<group>"; };
		1822CDF827D36AE500681388 /* Info.plist */ = {isa = PBXFileReference; lastKnownFileType = text.plist.xml; path = Info.plist; sourceTree = "<group>"; };
		1822CDFD27D36AE500681388 /* CarrierAssignmentTests.xctest */ = {isa = PBXFileReference; explicitFileType = wrapper.cfbundle; includeInIndex = 0; path = CarrierAssignmentTests.xctest; sourceTree = BUILT_PRODUCTS_DIR; };
		1822CE0127D36AE500681388 /* CarrierAssignmentTests.swift */ = {isa = PBXFileReference; lastKnownFileType = sourcecode.swift; path = CarrierAssignmentTests.swift; sourceTree = "<group>"; };
		1822CE0327D36AE500681388 /* Info.plist */ = {isa = PBXFileReference; lastKnownFileType = text.plist.xml; path = Info.plist; sourceTree = "<group>"; };
		1822CE0827D36AE500681388 /* CarrierAssignmentUITests.xctest */ = {isa = PBXFileReference; explicitFileType = wrapper.cfbundle; includeInIndex = 0; path = CarrierAssignmentUITests.xctest; sourceTree = BUILT_PRODUCTS_DIR; };
		1822CE0C27D36AE500681388 /* CarrierAssignmentUITests.swift */ = {isa = PBXFileReference; lastKnownFileType = sourcecode.swift; path = CarrierAssignmentUITests.swift; sourceTree = "<group>"; };
		1822CE0E27D36AE500681388 /* Info.plist */ = {isa = PBXFileReference; lastKnownFileType = text.plist.xml; path = Info.plist; sourceTree = "<group>"; };
		1822CE2127D36BC200681388 /* XDeviceModel.swift */ = {isa = PBXFileReference; lastKnownFileType = sourcecode.swift; path = XDeviceModel.swift; sourceTree = "<group>"; };
		1822CE2727D36D3D00681388 /* APIErrors.swift */ = {isa = PBXFileReference; fileEncoding = 4; lastKnownFileType = sourcecode.swift; path = APIErrors.swift; sourceTree = "<group>"; };
		1822CE2827D36D3D00681388 /* ApiHandler.swift */ = {isa = PBXFileReference; fileEncoding = 4; lastKnownFileType = sourcecode.swift; path = ApiHandler.swift; sourceTree = "<group>"; };
		1822CE2F27D37CC200681388 /* AppConstants.swift */ = {isa = PBXFileReference; lastKnownFileType = sourcecode.swift; path = AppConstants.swift; sourceTree = "<group>"; };
		1822CE3427D37DC500681388 /* LoginResponse.json */ = {isa = PBXFileReference; lastKnownFileType = text.json; path = LoginResponse.json; sourceTree = "<group>"; };
		1822CE3927D37E1B00681388 /* XDeviceData.json */ = {isa = PBXFileReference; lastKnownFileType = text.json; path = XDeviceData.json; sourceTree = "<group>"; };
		1822CE3E27D37FB300681388 /* UserModel.swift */ = {isa = PBXFileReference; lastKnownFileType = sourcecode.swift; path = UserModel.swift; sourceTree = "<group>"; };
		1822CE4627D38AFC00681388 /* DeviceDetailsVC.swift */ = {isa = PBXFileReference; lastKnownFileType = sourcecode.swift; path = DeviceDetailsVC.swift; sourceTree = "<group>"; };
		68334CB927D4512400B79751 /* DeviceDetailsCell.swift */ = {isa = PBXFileReference; lastKnownFileType = sourcecode.swift; path = DeviceDetailsCell.swift; sourceTree = "<group>"; };
		68334CE027D4744100B79751 /* Reachability.swift */ = {isa = PBXFileReference; fileEncoding = 4; lastKnownFileType = sourcecode.swift; path = Reachability.swift; sourceTree = "<group>"; };
		68334CE527D47D8200B79751 /* BaseViewController.swift */ = {isa = PBXFileReference; lastKnownFileType = sourcecode.swift; path = BaseViewController.swift; sourceTree = "<group>"; };
		68334CEA27D482E600B79751 /* HomeVC.swift */ = {isa = PBXFileReference; lastKnownFileType = sourcecode.swift; path = HomeVC.swift; sourceTree = "<group>"; };
/* End PBXFileReference section */

/* Begin PBXFrameworksBuildPhase section */
		1822CDE427D36AE400681388 /* Frameworks */ = {
			isa = PBXFrameworksBuildPhase;
			buildActionMask = 2147483647;
			files = (
			);
			runOnlyForDeploymentPostprocessing = 0;
		};
		1822CDFA27D36AE500681388 /* Frameworks */ = {
			isa = PBXFrameworksBuildPhase;
			buildActionMask = 2147483647;
			files = (
			);
			runOnlyForDeploymentPostprocessing = 0;
		};
		1822CE0527D36AE500681388 /* Frameworks */ = {
			isa = PBXFrameworksBuildPhase;
			buildActionMask = 2147483647;
			files = (
			);
			runOnlyForDeploymentPostprocessing = 0;
		};
/* End PBXFrameworksBuildPhase section */

/* Begin PBXGroup section */
		1822CDDE27D36AE400681388 = {
			isa = PBXGroup;
			children = (
				1822CDE927D36AE400681388 /* CarrierAssignment */,
				1822CE0027D36AE500681388 /* CarrierAssignmentTests */,
				1822CE0B27D36AE500681388 /* CarrierAssignmentUITests */,
				1822CDE827D36AE400681388 /* Products */,
			);
			sourceTree = "<group>";
		};
		1822CDE827D36AE400681388 /* Products */ = {
			isa = PBXGroup;
			children = (
				1822CDE727D36AE400681388 /* CarrierAssignment.app */,
				1822CDFD27D36AE500681388 /* CarrierAssignmentTests.xctest */,
				1822CE0827D36AE500681388 /* CarrierAssignmentUITests.xctest */,
			);
			name = Products;
			sourceTree = "<group>";
		};
		1822CDE927D36AE400681388 /* CarrierAssignment */ = {
			isa = PBXGroup;
			children = (
				68334CB827D4510D00B79751 /* View */,
				1822CE2E27D37C7000681388 /* Resources */,
				1822CE2627D36D2300681388 /* Utilities */,
				1822CE2027D36B5F00681388 /* ApplicationLayer */,
				1822CE1D27D36B3C00681388 /* Controller */,
				1822CE1F27D36B3C00681388 /* Model */,
				1822CDF027D36AE400681388 /* Main.storyboard */,
				1822CDF327D36AE500681388 /* Assets.xcassets */,
				1822CDF527D36AE500681388 /* LaunchScreen.storyboard */,
				1822CDF827D36AE500681388 /* Info.plist */,
			);
			path = CarrierAssignment;
			sourceTree = "<group>";
		};
		1822CE0027D36AE500681388 /* CarrierAssignmentTests */ = {
			isa = PBXGroup;
			children = (
				1822CE0127D36AE500681388 /* CarrierAssignmentTests.swift */,
				1822CE0327D36AE500681388 /* Info.plist */,
			);
			path = CarrierAssignmentTests;
			sourceTree = "<group>";
		};
		1822CE0B27D36AE500681388 /* CarrierAssignmentUITests */ = {
			isa = PBXGroup;
			children = (
				1822CE0C27D36AE500681388 /* CarrierAssignmentUITests.swift */,
				1822CE0E27D36AE500681388 /* Info.plist */,
			);
			path = CarrierAssignmentUITests;
			sourceTree = "<group>";
		};
		1822CE1D27D36B3C00681388 /* Controller */ = {
			isa = PBXGroup;
			children = (
				1822CDEE27D36AE400681388 /* LoginVC.swift */,
				1822CE4627D38AFC00681388 /* DeviceDetailsVC.swift */,
				68334CE527D47D8200B79751 /* BaseViewController.swift */,
				68334CEA27D482E600B79751 /* HomeVC.swift */,
			);
			path = Controller;
			sourceTree = "<group>";
		};
		1822CE1F27D36B3C00681388 /* Model */ = {
			isa = PBXGroup;
			children = (
				1822CE2127D36BC200681388 /* XDeviceModel.swift */,
				1822CE3E27D37FB300681388 /* UserModel.swift */,
			);
			path = Model;
			sourceTree = "<group>";
		};
		1822CE2027D36B5F00681388 /* ApplicationLayer */ = {
			isa = PBXGroup;
			children = (
				1822CDEA27D36AE400681388 /* AppDelegate.swift */,
				1822CDEC27D36AE400681388 /* SceneDelegate.swift */,
			);
			path = ApplicationLayer;
			sourceTree = "<group>";
		};
		1822CE2627D36D2300681388 /* Utilities */ = {
			isa = PBXGroup;
			children = (
				68334CE027D4744100B79751 /* Reachability.swift */,
				1822CE2727D36D3D00681388 /* APIErrors.swift */,
				1822CE2827D36D3D00681388 /* ApiHandler.swift */,
			);
			path = Utilities;
			sourceTree = "<group>";
		};
		1822CE2E27D37C7000681388 /* Resources */ = {
			isa = PBXGroup;
			children = (
				1822CE2F27D37CC200681388 /* AppConstants.swift */,
				1822CE3427D37DC500681388 /* LoginResponse.json */,
				1822CE3927D37E1B00681388 /* XDeviceData.json */,
			);
			path = Resources;
			sourceTree = "<group>";
		};
		68334CB827D4510D00B79751 /* View */ = {
			isa = PBXGroup;
			children = (
				68334CB927D4512400B79751 /* DeviceDetailsCell.swift */,
			);
			path = View;
			sourceTree = "<group>";
		};
/* End PBXGroup section */

/* Begin PBXNativeTarget section */
		1822CDE627D36AE400681388 /* CarrierAssignment */ = {
			isa = PBXNativeTarget;
			buildConfigurationList = 1822CE1127D36AE500681388 /* Build configuration list for PBXNativeTarget "CarrierAssignment" */;
			buildPhases = (
				1822CDE327D36AE400681388 /* Sources */,
				1822CDE427D36AE400681388 /* Frameworks */,
				1822CDE527D36AE400681388 /* Resources */,
			);
			buildRules = (
			);
			dependencies = (
			);
			name = CarrierAssignment;
			productName = CarrierAssignment;
			productReference = 1822CDE727D36AE400681388 /* CarrierAssignment.app */;
			productType = "com.apple.product-type.application";
		};
		1822CDFC27D36AE500681388 /* CarrierAssignmentTests */ = {
			isa = PBXNativeTarget;
			buildConfigurationList = 1822CE1427D36AE500681388 /* Build configuration list for PBXNativeTarget "CarrierAssignmentTests" */;
			buildPhases = (
				1822CDF927D36AE500681388 /* Sources */,
				1822CDFA27D36AE500681388 /* Frameworks */,
				1822CDFB27D36AE500681388 /* Resources */,
			);
			buildRules = (
			);
			dependencies = (
				1822CDFF27D36AE500681388 /* PBXTargetDependency */,
			);
			name = CarrierAssignmentTests;
			productName = CarrierAssignmentTests;
			productReference = 1822CDFD27D36AE500681388 /* CarrierAssignmentTests.xctest */;
			productType = "com.apple.product-type.bundle.unit-test";
		};
		1822CE0727D36AE500681388 /* CarrierAssignmentUITests */ = {
			isa = PBXNativeTarget;
			buildConfigurationList = 1822CE1727D36AE500681388 /* Build configuration list for PBXNativeTarget "CarrierAssignmentUITests" */;
			buildPhases = (
				1822CE0427D36AE500681388 /* Sources */,
				1822CE0527D36AE500681388 /* Frameworks */,
				1822CE0627D36AE500681388 /* Resources */,
			);
			buildRules = (
			);
			dependencies = (
				1822CE0A27D36AE500681388 /* PBXTargetDependency */,
			);
			name = CarrierAssignmentUITests;
			productName = CarrierAssignmentUITests;
			productReference = 1822CE0827D36AE500681388 /* CarrierAssignmentUITests.xctest */;
			productType = "com.apple.product-type.bundle.ui-testing";
		};
/* End PBXNativeTarget section */

/* Begin PBXProject section */
		1822CDDF27D36AE400681388 /* Project object */ = {
			isa = PBXProject;
			attributes = {
				LastSwiftUpdateCheck = 1230;
				LastUpgradeCheck = 1230;
				TargetAttributes = {
					1822CDE627D36AE400681388 = {
						CreatedOnToolsVersion = 12.3;
					};
					1822CDFC27D36AE500681388 = {
						CreatedOnToolsVersion = 12.3;
						TestTargetID = 1822CDE627D36AE400681388;
					};
					1822CE0727D36AE500681388 = {
						CreatedOnToolsVersion = 12.3;
						TestTargetID = 1822CDE627D36AE400681388;
					};
				};
			};
			buildConfigurationList = 1822CDE227D36AE400681388 /* Build configuration list for PBXProject "CarrierAssignment" */;
			compatibilityVersion = "Xcode 9.3";
			developmentRegion = en;
			hasScannedForEncodings = 0;
			knownRegions = (
				en,
				Base,
			);
			mainGroup = 1822CDDE27D36AE400681388;
			productRefGroup = 1822CDE827D36AE400681388 /* Products */;
			projectDirPath = "";
			projectRoot = "";
			targets = (
				1822CDE627D36AE400681388 /* CarrierAssignment */,
				1822CDFC27D36AE500681388 /* CarrierAssignmentTests */,
				1822CE0727D36AE500681388 /* CarrierAssignmentUITests */,
			);
		};
/* End PBXProject section */

/* Begin PBXResourcesBuildPhase section */
		1822CDE527D36AE400681388 /* Resources */ = {
			isa = PBXResourcesBuildPhase;
			buildActionMask = 2147483647;
			files = (
				1822CE3527D37DC500681388 /* LoginResponse.json in Resources */,
				1822CDF727D36AE500681388 /* LaunchScreen.storyboard in Resources */,
				1822CDF427D36AE500681388 /* Assets.xcassets in Resources */,
				1822CE3A27D37E1B00681388 /* XDeviceData.json in Resources */,
				1822CDF227D36AE400681388 /* Main.storyboard in Resources */,
			);
			runOnlyForDeploymentPostprocessing = 0;
		};
		1822CDFB27D36AE500681388 /* Resources */ = {
			isa = PBXResourcesBuildPhase;
			buildActionMask = 2147483647;
			files = (
			);
			runOnlyForDeploymentPostprocessing = 0;
		};
		1822CE0627D36AE500681388 /* Resources */ = {
			isa = PBXResourcesBuildPhase;
			buildActionMask = 2147483647;
			files = (
			);
			runOnlyForDeploymentPostprocessing = 0;
		};
/* End PBXResourcesBuildPhase section */

/* Begin PBXSourcesBuildPhase section */
		1822CDE327D36AE400681388 /* Sources */ = {
			isa = PBXSourcesBuildPhase;
			buildActionMask = 2147483647;
			files = (
				1822CE2A27D36D3D00681388 /* ApiHandler.swift in Sources */,
				1822CE4727D38AFC00681388 /* DeviceDetailsVC.swift in Sources */,
				1822CE2927D36D3D00681388 /* APIErrors.swift in Sources */,
				1822CE3F27D37FB300681388 /* UserModel.swift in Sources */,
				68334CEB27D482E600B79751 /* HomeVC.swift in Sources */,
				1822CDEF27D36AE400681388 /* LoginVC.swift in Sources */,
				68334CE627D47D8200B79751 /* BaseViewController.swift in Sources */,
				1822CE2227D36BC200681388 /* XDeviceModel.swift in Sources */,
				1822CE3027D37CC200681388 /* AppConstants.swift in Sources */,
				68334CE127D4744100B79751 /* Reachability.swift in Sources */,
				1822CDEB27D36AE400681388 /* AppDelegate.swift in Sources */,
				68334CBA27D4512400B79751 /* DeviceDetailsCell.swift in Sources */,
				1822CDED27D36AE400681388 /* SceneDelegate.swift in Sources */,
			);
			runOnlyForDeploymentPostprocessing = 0;
		};
		1822CDF927D36AE500681388 /* Sources */ = {
			isa = PBXSourcesBuildPhase;
			buildActionMask = 2147483647;
			files = (
				1822CE0227D36AE500681388 /* CarrierAssignmentTests.swift in Sources */,
			);
			runOnlyForDeploymentPostprocessing = 0;
		};
		1822CE0427D36AE500681388 /* Sources */ = {
			isa = PBXSourcesBuildPhase;
			buildActionMask = 2147483647;
			files = (
				1822CE0D27D36AE500681388 /* CarrierAssignmentUITests.swift in Sources */,
			);
			runOnlyForDeploymentPostprocessing = 0;
		};
/* End PBXSourcesBuildPhase section */

/* Begin PBXTargetDependency section */
		1822CDFF27D36AE500681388 /* PBXTargetDependency */ = {
			isa = PBXTargetDependency;
			target = 1822CDE627D36AE400681388 /* CarrierAssignment */;
			targetProxy = 1822CDFE27D36AE500681388 /* PBXContainerItemProxy */;
		};
		1822CE0A27D36AE500681388 /* PBXTargetDependency */ = {
			isa = PBXTargetDependency;
			target = 1822CDE627D36AE400681388 /* CarrierAssignment */;
			targetProxy = 1822CE0927D36AE500681388 /* PBXContainerItemProxy */;
		};
/* End PBXTargetDependency section */

/* Begin PBXVariantGroup section */
		1822CDF027D36AE400681388 /* Main.storyboard */ = {
			isa = PBXVariantGroup;
			children = (
				1822CDF127D36AE400681388 /* Base */,
			);
			name = Main.storyboard;
			sourceTree = "<group>";
		};
		1822CDF527D36AE500681388 /* LaunchScreen.storyboard */ = {
			isa = PBXVariantGroup;
			children = (
				1822CDF627D36AE500681388 /* Base */,
			);
			name = LaunchScreen.storyboard;
			sourceTree = "<group>";
		};
/* End PBXVariantGroup section */

/* Begin XCBuildConfiguration section */
		1822CE0F27D36AE500681388 /* Debug */ = {
			isa = XCBuildConfiguration;
			buildSettings = {
				ALWAYS_SEARCH_USER_PATHS = NO;
				CLANG_ANALYZER_NONNULL = YES;
				CLANG_ANALYZER_NUMBER_OBJECT_CONVERSION = YES_AGGRESSIVE;
				CLANG_CXX_LANGUAGE_STANDARD = "gnu++14";
				CLANG_CXX_LIBRARY = "libc++";
				CLANG_ENABLE_MODULES = YES;
				CLANG_ENABLE_OBJC_ARC = YES;
				CLANG_ENABLE_OBJC_WEAK = YES;
				CLANG_WARN_BLOCK_CAPTURE_AUTORELEASING = YES;
				CLANG_WARN_BOOL_CONVERSION = YES;
				CLANG_WARN_COMMA = YES;
				CLANG_WARN_CONSTANT_CONVERSION = YES;
				CLANG_WARN_DEPRECATED_OBJC_IMPLEMENTATIONS = YES;
				CLANG_WARN_DIRECT_OBJC_ISA_USAGE = YES_ERROR;
				CLANG_WARN_DOCUMENTATION_COMMENTS = YES;
				CLANG_WARN_EMPTY_BODY = YES;
				CLANG_WARN_ENUM_CONVERSION = YES;
				CLANG_WARN_INFINITE_RECURSION = YES;
				CLANG_WARN_INT_CONVERSION = YES;
				CLANG_WARN_NON_LITERAL_NULL_CONVERSION = YES;
				CLANG_WARN_OBJC_IMPLICIT_RETAIN_SELF = YES;
				CLANG_WARN_OBJC_LITERAL_CONVERSION = YES;
				CLANG_WARN_OBJC_ROOT_CLASS = YES_ERROR;
				CLANG_WARN_QUOTED_INCLUDE_IN_FRAMEWORK_HEADER = YES;
				CLANG_WARN_RANGE_LOOP_ANALYSIS = YES;
				CLANG_WARN_STRICT_PROTOTYPES = YES;
				CLANG_WARN_SUSPICIOUS_MOVE = YES;
				CLANG_WARN_UNGUARDED_AVAILABILITY = YES_AGGRESSIVE;
				CLANG_WARN_UNREACHABLE_CODE = YES;
				CLANG_WARN__DUPLICATE_METHOD_MATCH = YES;
				COPY_PHASE_STRIP = NO;
				DEBUG_INFORMATION_FORMAT = dwarf;
				ENABLE_STRICT_OBJC_MSGSEND = YES;
				ENABLE_TESTABILITY = YES;
				GCC_C_LANGUAGE_STANDARD = gnu11;
				GCC_DYNAMIC_NO_PIC = NO;
				GCC_NO_COMMON_BLOCKS = YES;
				GCC_OPTIMIZATION_LEVEL = 0;
				GCC_PREPROCESSOR_DEFINITIONS = (
					"DEBUG=1",
					"$(inherited)",
				);
				GCC_WARN_64_TO_32_BIT_CONVERSION = YES;
				GCC_WARN_ABOUT_RETURN_TYPE = YES_ERROR;
				GCC_WARN_UNDECLARED_SELECTOR = YES;
				GCC_WARN_UNINITIALIZED_AUTOS = YES_AGGRESSIVE;
				GCC_WARN_UNUSED_FUNCTION = YES;
				GCC_WARN_UNUSED_VARIABLE = YES;
				IPHONEOS_DEPLOYMENT_TARGET = 14.3;
				MTL_ENABLE_DEBUG_INFO = INCLUDE_SOURCE;
				MTL_FAST_MATH = YES;
				ONLY_ACTIVE_ARCH = YES;
				SDKROOT = iphoneos;
				SWIFT_ACTIVE_COMPILATION_CONDITIONS = DEBUG;
				SWIFT_OPTIMIZATION_LEVEL = "-Onone";
			};
			name = Debug;
		};
		1822CE1027D36AE500681388 /* Release */ = {
			isa = XCBuildConfiguration;
			buildSettings = {
				ALWAYS_SEARCH_USER_PATHS = NO;
				CLANG_ANALYZER_NONNULL = YES;
				CLANG_ANALYZER_NUMBER_OBJECT_CONVERSION = YES_AGGRESSIVE;
				CLANG_CXX_LANGUAGE_STANDARD = "gnu++14";
				CLANG_CXX_LIBRARY = "libc++";
				CLANG_ENABLE_MODULES = YES;
				CLANG_ENABLE_OBJC_ARC = YES;
				CLANG_ENABLE_OBJC_WEAK = YES;
				CLANG_WARN_BLOCK_CAPTURE_AUTORELEASING = YES;
				CLANG_WARN_BOOL_CONVERSION = YES;
				CLANG_WARN_COMMA = YES;
				CLANG_WARN_CONSTANT_CONVERSION = YES;
				CLANG_WARN_DEPRECATED_OBJC_IMPLEMENTATIONS = YES;
				CLANG_WARN_DIRECT_OBJC_ISA_USAGE = YES_ERROR;
				CLANG_WARN_DOCUMENTATION_COMMENTS = YES;
				CLANG_WARN_EMPTY_BODY = YES;
				CLANG_WARN_ENUM_CONVERSION = YES;
				CLANG_WARN_INFINITE_RECURSION = YES;
				CLANG_WARN_INT_CONVERSION = YES;
				CLANG_WARN_NON_LITERAL_NULL_CONVERSION = YES;
				CLANG_WARN_OBJC_IMPLICIT_RETAIN_SELF = YES;
				CLANG_WARN_OBJC_LITERAL_CONVERSION = YES;
				CLANG_WARN_OBJC_ROOT_CLASS = YES_ERROR;
				CLANG_WARN_QUOTED_INCLUDE_IN_FRAMEWORK_HEADER = YES;
				CLANG_WARN_RANGE_LOOP_ANALYSIS = YES;
				CLANG_WARN_STRICT_PROTOTYPES = YES;
				CLANG_WARN_SUSPICIOUS_MOVE = YES;
				CLANG_WARN_UNGUARDED_AVAILABILITY = YES_AGGRESSIVE;
				CLANG_WARN_UNREACHABLE_CODE = YES;
				CLANG_WARN__DUPLICATE_METHOD_MATCH = YES;
				COPY_PHASE_STRIP = NO;
				DEBUG_INFORMATION_FORMAT = "dwarf-with-dsym";
				ENABLE_NS_ASSERTIONS = NO;
				ENABLE_STRICT_OBJC_MSGSEND = YES;
				GCC_C_LANGUAGE_STANDARD = gnu11;
				GCC_NO_COMMON_BLOCKS = YES;
				GCC_WARN_64_TO_32_BIT_CONVERSION = YES;
				GCC_WARN_ABOUT_RETURN_TYPE = YES_ERROR;
				GCC_WARN_UNDECLARED_SELECTOR = YES;
				GCC_WARN_UNINITIALIZED_AUTOS = YES_AGGRESSIVE;
				GCC_WARN_UNUSED_FUNCTION = YES;
				GCC_WARN_UNUSED_VARIABLE = YES;
				IPHONEOS_DEPLOYMENT_TARGET = 14.3;
				MTL_ENABLE_DEBUG_INFO = NO;
				MTL_FAST_MATH = YES;
				SDKROOT = iphoneos;
				SWIFT_COMPILATION_MODE = wholemodule;
				SWIFT_OPTIMIZATION_LEVEL = "-O";
				VALIDATE_PRODUCT = YES;
			};
			name = Release;
		};
		1822CE1227D36AE500681388 /* Debug */ = {
			isa = XCBuildConfiguration;
			buildSettings = {
				ASSETCATALOG_COMPILER_APPICON_NAME = AppIcon;
				ASSETCATALOG_COMPILER_GLOBAL_ACCENT_COLOR_NAME = AccentColor;
				CODE_SIGN_STYLE = Automatic;
				DEVELOPMENT_TEAM = 48226CCTFT;
				INFOPLIST_FILE = CarrierAssignment/Info.plist;
				IPHONEOS_DEPLOYMENT_TARGET = 13.0;
				LD_RUNPATH_SEARCH_PATHS = (
					"$(inherited)",
					"@executable_path/Frameworks",
				);
				PRODUCT_BUNDLE_IDENTIFIER = com.pccsuk.innovation;
				PRODUCT_NAME = "$(TARGET_NAME)";
				SWIFT_VERSION = 5.0;
				TARGETED_DEVICE_FAMILY = "1,2";
			};
			name = Debug;
		};
		1822CE1327D36AE500681388 /* Release */ = {
			isa = XCBuildConfiguration;
			buildSettings = {
				ASSETCATALOG_COMPILER_APPICON_NAME = AppIcon;
				ASSETCATALOG_COMPILER_GLOBAL_ACCENT_COLOR_NAME = AccentColor;
				CODE_SIGN_STYLE = Automatic;
				DEVELOPMENT_TEAM = 48226CCTFT;
				INFOPLIST_FILE = CarrierAssignment/Info.plist;
				IPHONEOS_DEPLOYMENT_TARGET = 13.0;
				LD_RUNPATH_SEARCH_PATHS = (
					"$(inherited)",
					"@executable_path/Frameworks",
				);
				PRODUCT_BUNDLE_IDENTIFIER = com.pccsuk.innovation;
				PRODUCT_NAME = "$(TARGET_NAME)";
				SWIFT_VERSION = 5.0;
				TARGETED_DEVICE_FAMILY = "1,2";
			};
			name = Release;
		};
		1822CE1527D36AE500681388 /* Debug */ = {
			isa = XCBuildConfiguration;
			buildSettings = {
				ALWAYS_EMBED_SWIFT_STANDARD_LIBRARIES = YES;
				BUNDLE_LOADER = "$(TEST_HOST)";
				CODE_SIGN_STYLE = Automatic;
				INFOPLIST_FILE = CarrierAssignmentTests/Info.plist;
				IPHONEOS_DEPLOYMENT_TARGET = 14.3;
				LD_RUNPATH_SEARCH_PATHS = (
					"$(inherited)",
					"@executable_path/Frameworks",
					"@loader_path/Frameworks",
				);
				PRODUCT_BUNDLE_IDENTIFIER = com.gangireddi.CarrierAssignmentTests;
				PRODUCT_NAME = "$(TARGET_NAME)";
				SWIFT_VERSION = 5.0;
				TARGETED_DEVICE_FAMILY = "1,2";
				TEST_HOST = "$(BUILT_PRODUCTS_DIR)/CarrierAssignment.app/CarrierAssignment";
			};
			name = Debug;
		};
		1822CE1627D36AE500681388 /* Release */ = {
			isa = XCBuildConfiguration;
			buildSettings = {
				ALWAYS_EMBED_SWIFT_STANDARD_LIBRARIES = YES;
				BUNDLE_LOADER = "$(TEST_HOST)";
				CODE_SIGN_STYLE = Automatic;
				INFOPLIST_FILE = CarrierAssignmentTests/Info.plist;
				IPHONEOS_DEPLOYMENT_TARGET = 14.3;
				LD_RUNPATH_SEARCH_PATHS = (
					"$(inherited)",
					"@executable_path/Frameworks",
					"@loader_path/Frameworks",
				);
				PRODUCT_BUNDLE_IDENTIFIER = com.gangireddi.CarrierAssignmentTests;
				PRODUCT_NAME = "$(TARGET_NAME)";
				SWIFT_VERSION = 5.0;
				TARGETED_DEVICE_FAMILY = "1,2";
				TEST_HOST = "$(BUILT_PRODUCTS_DIR)/CarrierAssignment.app/CarrierAssignment";
			};
			name = Release;
		};
		1822CE1827D36AE500681388 /* Debug */ = {
			isa = XCBuildConfiguration;
			buildSettings = {
				ALWAYS_EMBED_SWIFT_STANDARD_LIBRARIES = YES;
				CODE_SIGN_STYLE = Automatic;
				INFOPLIST_FILE = CarrierAssignmentUITests/Info.plist;
				LD_RUNPATH_SEARCH_PATHS = (
					"$(inherited)",
					"@executable_path/Frameworks",
					"@loader_path/Frameworks",
				);
				PRODUCT_BUNDLE_IDENTIFIER = com.gangireddi.CarrierAssignmentUITests;
				PRODUCT_NAME = "$(TARGET_NAME)";
				SWIFT_VERSION = 5.0;
				TARGETED_DEVICE_FAMILY = "1,2";
				TEST_TARGET_NAME = CarrierAssignment;
			};
			name = Debug;
		};
		1822CE1927D36AE500681388 /* Release */ = {
			isa = XCBuildConfiguration;
			buildSettings = {
				ALWAYS_EMBED_SWIFT_STANDARD_LIBRARIES = YES;
				CODE_SIGN_STYLE = Automatic;
				INFOPLIST_FILE = CarrierAssignmentUITests/Info.plist;
				LD_RUNPATH_SEARCH_PATHS = (
					"$(inherited)",
					"@executable_path/Frameworks",
					"@loader_path/Frameworks",
				);
				PRODUCT_BUNDLE_IDENTIFIER = com.gangireddi.CarrierAssignmentUITests;
				PRODUCT_NAME = "$(TARGET_NAME)";
				SWIFT_VERSION = 5.0;
				TARGETED_DEVICE_FAMILY = "1,2";
				TEST_TARGET_NAME = CarrierAssignment;
			};
			name = Release;
		};
/* End XCBuildConfiguration section */

/* Begin XCConfigurationList section */
		1822CDE227D36AE400681388 /* Build configuration list for PBXProject "CarrierAssignment" */ = {
			isa = XCConfigurationList;
			buildConfigurations = (
				1822CE0F27D36AE500681388 /* Debug */,
				1822CE1027D36AE500681388 /* Release */,
			);
			defaultConfigurationIsVisible = 0;
			defaultConfigurationName = Release;
		};
		1822CE1127D36AE500681388 /* Build configuration list for PBXNativeTarget "CarrierAssignment" */ = {
			isa = XCConfigurationList;
			buildConfigurations = (
				1822CE1227D36AE500681388 /* Debug */,
				1822CE1327D36AE500681388 /* Release */,
			);
			defaultConfigurationIsVisible = 0;
			defaultConfigurationName = Release;
		};
		1822CE1427D36AE500681388 /* Build configuration list for PBXNativeTarget "CarrierAssignmentTests" */ = {
			isa = XCConfigurationList;
			buildConfigurations = (
				1822CE1527D36AE500681388 /* Debug */,
				1822CE1627D36AE500681388 /* Release */,
			);
			defaultConfigurationIsVisible = 0;
			defaultConfigurationName = Release;
		};
		1822CE1727D36AE500681388 /* Build configuration list for PBXNativeTarget "CarrierAssignmentUITests" */ = {
			isa = XCConfigurationList;
			buildConfigurations = (
				1822CE1827D36AE500681388 /* Debug */,
				1822CE1927D36AE500681388 /* Release */,
			);
			defaultConfigurationIsVisible = 0;
			defaultConfigurationName = Release;
		};
/* End XCConfigurationList section */
	};
	rootObject = 1822CDDF27D36AE400681388 /* Project object */;
}
